// !$*UTF8*$!
{
	archiveVersion = 1;
	classes = {
	};
	objectVersion = 50;
	objects = {

/* Begin PBXBuildFile section */
		1A22B351253A3C65005566A7 /* CardViewModel.swift in Sources */ = {isa = PBXBuildFile; fileRef = 1A22B350253A3C65005566A7 /* CardViewModel.swift */; };
		1A28F1C62538B3B4003D64A4 /* ProductResponse.swift in Sources */ = {isa = PBXBuildFile; fileRef = 1A28F1C52538B3B4003D64A4 /* ProductResponse.swift */; };
		1A28F1CC2538B3FB003D64A4 /* Constant.swift in Sources */ = {isa = PBXBuildFile; fileRef = 1A28F1CB2538B3FB003D64A4 /* Constant.swift */; };
		1A28F1D42538B53D003D64A4 /* MainViewModel.swift in Sources */ = {isa = PBXBuildFile; fileRef = 1A28F1D32538B53D003D64A4 /* MainViewModel.swift */; };
		1A28F1DC2538BF3A003D64A4 /* UIImageView+Extension.swift in Sources */ = {isa = PBXBuildFile; fileRef = 1A28F1DB2538BF3A003D64A4 /* UIImageView+Extension.swift */; };
		1A5E92DB253799BE007B00DA /* MainView.swift in Sources */ = {isa = PBXBuildFile; fileRef = 1A5E92DA253799BE007B00DA /* MainView.swift */; };
		1A5E92E225379A69007B00DA /* Reusable.swift in Sources */ = {isa = PBXBuildFile; fileRef = 1A5E92E125379A69007B00DA /* Reusable.swift */; };
		1A5E92EA25379A85007B00DA /* UICollectionView+Extension.swift in Sources */ = {isa = PBXBuildFile; fileRef = 1A5E92E925379A85007B00DA /* UICollectionView+Extension.swift */; };
		1A5E92F125379B7F007B00DA /* ProductCell.swift in Sources */ = {isa = PBXBuildFile; fileRef = 1A5E92EF25379B7F007B00DA /* ProductCell.swift */; };
		1A5E92F225379B7F007B00DA /* ProductCell.xib in Resources */ = {isa = PBXBuildFile; fileRef = 1A5E92F025379B7F007B00DA /* ProductCell.xib */; };
		1A5E932C2538B2BC007B00DA /* APIClient.swift in Sources */ = {isa = PBXBuildFile; fileRef = 1A5E931E2538B2BC007B00DA /* APIClient.swift */; };
		1A5E932D2538B2BC007B00DA /* URLRequest+API.swift in Sources */ = {isa = PBXBuildFile; fileRef = 1A5E93202538B2BC007B00DA /* URLRequest+API.swift */; };
		1A5E932E2538B2BC007B00DA /* URLComponents+API.swift in Sources */ = {isa = PBXBuildFile; fileRef = 1A5E93212538B2BC007B00DA /* URLComponents+API.swift */; };
		1A5E932F2538B2BC007B00DA /* Routable.swift in Sources */ = {isa = PBXBuildFile; fileRef = 1A5E93232538B2BC007B00DA /* Routable.swift */; };
		1A5E93302538B2BC007B00DA /* API.swift in Sources */ = {isa = PBXBuildFile; fileRef = 1A5E93242538B2BC007B00DA /* API.swift */; };
		1A5E93312538B2BC007B00DA /* APIRouter.swift in Sources */ = {isa = PBXBuildFile; fileRef = 1A5E93252538B2BC007B00DA /* APIRouter.swift */; };
		1A5E93322538B2BC007B00DA /* APIError.swift in Sources */ = {isa = PBXBuildFile; fileRef = 1A5E93272538B2BC007B00DA /* APIError.swift */; };
		1A5E93332538B2BC007B00DA /* ParametersEncoding.swift in Sources */ = {isa = PBXBuildFile; fileRef = 1A5E93282538B2BC007B00DA /* ParametersEncoding.swift */; };
		1A5E93342538B2BC007B00DA /* HTTPMethod.swift in Sources */ = {isa = PBXBuildFile; fileRef = 1A5E93292538B2BC007B00DA /* HTTPMethod.swift */; };
		1A5E93352538B2BC007B00DA /* APIResponse.swift in Sources */ = {isa = PBXBuildFile; fileRef = 1A5E932A2538B2BC007B00DA /* APIResponse.swift */; };
		1A5E93362538B2BC007B00DA /* Task.swift in Sources */ = {isa = PBXBuildFile; fileRef = 1A5E932B2538B2BC007B00DA /* Task.swift */; };
		1A7E786825378F7D000689D8 /* AppDelegate.swift in Sources */ = {isa = PBXBuildFile; fileRef = 1A7E786725378F7D000689D8 /* AppDelegate.swift */; };
		1A7E787125378F7E000689D8 /* Assets.xcassets in Resources */ = {isa = PBXBuildFile; fileRef = 1A7E787025378F7E000689D8 /* Assets.xcassets */; };
		1A7E787425378F7E000689D8 /* LaunchScreen.storyboard in Resources */ = {isa = PBXBuildFile; fileRef = 1A7E787225378F7E000689D8 /* LaunchScreen.storyboard */; };
		1A7E787F25378F7E000689D8 /* MarketAppTests.swift in Sources */ = {isa = PBXBuildFile; fileRef = 1A7E787E25378F7E000689D8 /* MarketAppTests.swift */; };
		1A7E788A25378F7E000689D8 /* MarketAppUITests.swift in Sources */ = {isa = PBXBuildFile; fileRef = 1A7E788925378F7E000689D8 /* MarketAppUITests.swift */; };
		1A7E78B025379595000689D8 /* MainViewController.swift in Sources */ = {isa = PBXBuildFile; fileRef = 1A7E78AE25379595000689D8 /* MainViewController.swift */; };
		1A7E78B125379595000689D8 /* MainViewController.xib in Resources */ = {isa = PBXBuildFile; fileRef = 1A7E78AF25379595000689D8 /* MainViewController.xib */; };
		1A9D60DE253B589E001C4287 /* UIViewController+Extension.swift in Sources */ = {isa = PBXBuildFile; fileRef = 1A9D60DD253B589E001C4287 /* UIViewController+Extension.swift */; };
		1A9D60E3253B5E81001C4287 /* PaymentRequest.swift in Sources */ = {isa = PBXBuildFile; fileRef = 1A9D60E2253B5E81001C4287 /* PaymentRequest.swift */; };
		1A9D60E8253B7185001C4287 /* PaymentResponse.swift in Sources */ = {isa = PBXBuildFile; fileRef = 1A9D60E7253B7185001C4287 /* PaymentResponse.swift */; };
		1A9D60ED253C2F5A001C4287 /* Encodable+Extension.swift in Sources */ = {isa = PBXBuildFile; fileRef = 1A9D60EC253C2F5A001C4287 /* Encodable+Extension.swift */; };
		1AC00BB62538D34500F69B94 /* CardViewController.swift in Sources */ = {isa = PBXBuildFile; fileRef = 1AC00BB42538D34500F69B94 /* CardViewController.swift */; };
		1AC00BB72538D34500F69B94 /* CardViewController.xib in Resources */ = {isa = PBXBuildFile; fileRef = 1AC00BB52538D34500F69B94 /* CardViewController.xib */; };
		1AC00BC52538D6E000F69B94 /* CardInProductCell.swift in Sources */ = {isa = PBXBuildFile; fileRef = 1AC00BC32538D6E000F69B94 /* CardInProductCell.swift */; };
		1AC00BC62538D6E000F69B94 /* CardInProductCell.xib in Resources */ = {isa = PBXBuildFile; fileRef = 1AC00BC42538D6E000F69B94 /* CardInProductCell.xib */; };
		1AC00BCE2538D72300F69B94 /* CardView.swift in Sources */ = {isa = PBXBuildFile; fileRef = 1AC00BCD2538D72300F69B94 /* CardView.swift */; };
		1AC00BD32538D91B00F69B94 /* UITableView+Extension.swift in Sources */ = {isa = PBXBuildFile; fileRef = 1AC00BD22538D91B00F69B94 /* UITableView+Extension.swift */; };
/* End PBXBuildFile section */

/* Begin PBXContainerItemProxy section */
		1A7E787B25378F7E000689D8 /* PBXContainerItemProxy */ = {
			isa = PBXContainerItemProxy;
			containerPortal = 1A7E785C25378F7D000689D8 /* Project object */;
			proxyType = 1;
			remoteGlobalIDString = 1A7E786325378F7D000689D8;
			remoteInfo = MarketApp;
		};
		1A7E788625378F7E000689D8 /* PBXContainerItemProxy */ = {
			isa = PBXContainerItemProxy;
			containerPortal = 1A7E785C25378F7D000689D8 /* Project object */;
			proxyType = 1;
			remoteGlobalIDString = 1A7E786325378F7D000689D8;
			remoteInfo = MarketApp;
		};
/* End PBXContainerItemProxy section */

/* Begin PBXFileReference section */
		1A22B350253A3C65005566A7 /* CardViewModel.swift */ = {isa = PBXFileReference; indentWidth = 2; lastKnownFileType = sourcecode.swift; path = CardViewModel.swift; sourceTree = "<group>"; };
		1A28F1C52538B3B4003D64A4 /* ProductResponse.swift */ = {isa = PBXFileReference; lastKnownFileType = sourcecode.swift; path = ProductResponse.swift; sourceTree = "<group>"; };
		1A28F1CB2538B3FB003D64A4 /* Constant.swift */ = {isa = PBXFileReference; lastKnownFileType = sourcecode.swift; path = Constant.swift; sourceTree = "<group>"; };
		1A28F1D32538B53D003D64A4 /* MainViewModel.swift */ = {isa = PBXFileReference; lastKnownFileType = sourcecode.swift; path = MainViewModel.swift; sourceTree = "<group>"; };
		1A28F1DB2538BF3A003D64A4 /* UIImageView+Extension.swift */ = {isa = PBXFileReference; lastKnownFileType = sourcecode.swift; path = "UIImageView+Extension.swift"; sourceTree = "<group>"; };
		1A5E92DA253799BE007B00DA /* MainView.swift */ = {isa = PBXFileReference; lastKnownFileType = sourcecode.swift; path = MainView.swift; sourceTree = "<group>"; };
		1A5E92E125379A69007B00DA /* Reusable.swift */ = {isa = PBXFileReference; lastKnownFileType = sourcecode.swift; path = Reusable.swift; sourceTree = "<group>"; };
		1A5E92E925379A85007B00DA /* UICollectionView+Extension.swift */ = {isa = PBXFileReference; lastKnownFileType = sourcecode.swift; path = "UICollectionView+Extension.swift"; sourceTree = "<group>"; };
		1A5E92EF25379B7F007B00DA /* ProductCell.swift */ = {isa = PBXFileReference; lastKnownFileType = sourcecode.swift; path = ProductCell.swift; sourceTree = "<group>"; };
		1A5E92F025379B7F007B00DA /* ProductCell.xib */ = {isa = PBXFileReference; lastKnownFileType = file.xib; path = ProductCell.xib; sourceTree = "<group>"; };
		1A5E931E2538B2BC007B00DA /* APIClient.swift */ = {isa = PBXFileReference; fileEncoding = 4; lastKnownFileType = sourcecode.swift; path = APIClient.swift; sourceTree = "<group>"; };
		1A5E93202538B2BC007B00DA /* URLRequest+API.swift */ = {isa = PBXFileReference; fileEncoding = 4; lastKnownFileType = sourcecode.swift; path = "URLRequest+API.swift"; sourceTree = "<group>"; };
		1A5E93212538B2BC007B00DA /* URLComponents+API.swift */ = {isa = PBXFileReference; fileEncoding = 4; lastKnownFileType = sourcecode.swift; path = "URLComponents+API.swift"; sourceTree = "<group>"; };
		1A5E93232538B2BC007B00DA /* Routable.swift */ = {isa = PBXFileReference; fileEncoding = 4; lastKnownFileType = sourcecode.swift; path = Routable.swift; sourceTree = "<group>"; };
		1A5E93242538B2BC007B00DA /* API.swift */ = {isa = PBXFileReference; fileEncoding = 4; lastKnownFileType = sourcecode.swift; path = API.swift; sourceTree = "<group>"; };
		1A5E93252538B2BC007B00DA /* APIRouter.swift */ = {isa = PBXFileReference; fileEncoding = 4; lastKnownFileType = sourcecode.swift; path = APIRouter.swift; sourceTree = "<group>"; };
		1A5E93272538B2BC007B00DA /* APIError.swift */ = {isa = PBXFileReference; fileEncoding = 4; lastKnownFileType = sourcecode.swift; path = APIError.swift; sourceTree = "<group>"; };
		1A5E93282538B2BC007B00DA /* ParametersEncoding.swift */ = {isa = PBXFileReference; fileEncoding = 4; lastKnownFileType = sourcecode.swift; path = ParametersEncoding.swift; sourceTree = "<group>"; };
		1A5E93292538B2BC007B00DA /* HTTPMethod.swift */ = {isa = PBXFileReference; fileEncoding = 4; lastKnownFileType = sourcecode.swift; path = HTTPMethod.swift; sourceTree = "<group>"; };
		1A5E932A2538B2BC007B00DA /* APIResponse.swift */ = {isa = PBXFileReference; fileEncoding = 4; lastKnownFileType = sourcecode.swift; path = APIResponse.swift; sourceTree = "<group>"; };
		1A5E932B2538B2BC007B00DA /* Task.swift */ = {isa = PBXFileReference; fileEncoding = 4; lastKnownFileType = sourcecode.swift; path = Task.swift; sourceTree = "<group>"; };
		1A7E786425378F7D000689D8 /* MarketApp.app */ = {isa = PBXFileReference; explicitFileType = wrapper.application; includeInIndex = 0; path = MarketApp.app; sourceTree = BUILT_PRODUCTS_DIR; };
		1A7E786725378F7D000689D8 /* AppDelegate.swift */ = {isa = PBXFileReference; lastKnownFileType = sourcecode.swift; path = AppDelegate.swift; sourceTree = "<group>"; };
		1A7E787025378F7E000689D8 /* Assets.xcassets */ = {isa = PBXFileReference; lastKnownFileType = folder.assetcatalog; path = Assets.xcassets; sourceTree = "<group>"; };
		1A7E787325378F7E000689D8 /* Base */ = {isa = PBXFileReference; lastKnownFileType = file.storyboard; name = Base; path = Base.lproj/LaunchScreen.storyboard; sourceTree = "<group>"; };
		1A7E787525378F7E000689D8 /* Info.plist */ = {isa = PBXFileReference; lastKnownFileType = text.plist.xml; path = Info.plist; sourceTree = "<group>"; };
		1A7E787A25378F7E000689D8 /* MarketAppTests.xctest */ = {isa = PBXFileReference; explicitFileType = wrapper.cfbundle; includeInIndex = 0; path = MarketAppTests.xctest; sourceTree = BUILT_PRODUCTS_DIR; };
		1A7E787E25378F7E000689D8 /* MarketAppTests.swift */ = {isa = PBXFileReference; lastKnownFileType = sourcecode.swift; path = MarketAppTests.swift; sourceTree = "<group>"; };
		1A7E788025378F7E000689D8 /* Info.plist */ = {isa = PBXFileReference; lastKnownFileType = text.plist.xml; path = Info.plist; sourceTree = "<group>"; };
		1A7E788525378F7E000689D8 /* MarketAppUITests.xctest */ = {isa = PBXFileReference; explicitFileType = wrapper.cfbundle; includeInIndex = 0; path = MarketAppUITests.xctest; sourceTree = BUILT_PRODUCTS_DIR; };
		1A7E788925378F7E000689D8 /* MarketAppUITests.swift */ = {isa = PBXFileReference; lastKnownFileType = sourcecode.swift; path = MarketAppUITests.swift; sourceTree = "<group>"; };
		1A7E788B25378F7E000689D8 /* Info.plist */ = {isa = PBXFileReference; lastKnownFileType = text.plist.xml; path = Info.plist; sourceTree = "<group>"; };
		1A7E78AE25379595000689D8 /* MainViewController.swift */ = {isa = PBXFileReference; lastKnownFileType = sourcecode.swift; path = MainViewController.swift; sourceTree = "<group>"; };
		1A7E78AF25379595000689D8 /* MainViewController.xib */ = {isa = PBXFileReference; lastKnownFileType = file.xib; path = MainViewController.xib; sourceTree = "<group>"; };
		1A9D60DD253B589E001C4287 /* UIViewController+Extension.swift */ = {isa = PBXFileReference; lastKnownFileType = sourcecode.swift; path = "UIViewController+Extension.swift"; sourceTree = "<group>"; };
		1A9D60E2253B5E81001C4287 /* PaymentRequest.swift */ = {isa = PBXFileReference; lastKnownFileType = sourcecode.swift; path = PaymentRequest.swift; sourceTree = "<group>"; };
		1A9D60E7253B7185001C4287 /* PaymentResponse.swift */ = {isa = PBXFileReference; lastKnownFileType = sourcecode.swift; path = PaymentResponse.swift; sourceTree = "<group>"; };
		1A9D60EC253C2F5A001C4287 /* Encodable+Extension.swift */ = {isa = PBXFileReference; lastKnownFileType = sourcecode.swift; path = "Encodable+Extension.swift"; sourceTree = "<group>"; };
		1AC00BB42538D34500F69B94 /* CardViewController.swift */ = {isa = PBXFileReference; lastKnownFileType = sourcecode.swift; path = CardViewController.swift; sourceTree = "<group>"; };
		1AC00BB52538D34500F69B94 /* CardViewController.xib */ = {isa = PBXFileReference; lastKnownFileType = file.xib; path = CardViewController.xib; sourceTree = "<group>"; };
		1AC00BC32538D6E000F69B94 /* CardInProductCell.swift */ = {isa = PBXFileReference; lastKnownFileType = sourcecode.swift; path = CardInProductCell.swift; sourceTree = "<group>"; };
		1AC00BC42538D6E000F69B94 /* CardInProductCell.xib */ = {isa = PBXFileReference; lastKnownFileType = file.xib; path = CardInProductCell.xib; sourceTree = "<group>"; };
		1AC00BCD2538D72300F69B94 /* CardView.swift */ = {isa = PBXFileReference; lastKnownFileType = sourcecode.swift; path = CardView.swift; sourceTree = "<group>"; };
		1AC00BD22538D91B00F69B94 /* UITableView+Extension.swift */ = {isa = PBXFileReference; lastKnownFileType = sourcecode.swift; path = "UITableView+Extension.swift"; sourceTree = "<group>"; };
/* End PBXFileReference section */

/* Begin PBXFrameworksBuildPhase section */
		1A7E786125378F7D000689D8 /* Frameworks */ = {
			isa = PBXFrameworksBuildPhase;
			buildActionMask = 2147483647;
			files = (
			);
			runOnlyForDeploymentPostprocessing = 0;
		};
		1A7E787725378F7E000689D8 /* Frameworks */ = {
			isa = PBXFrameworksBuildPhase;
			buildActionMask = 2147483647;
			files = (
			);
			runOnlyForDeploymentPostprocessing = 0;
		};
		1A7E788225378F7E000689D8 /* Frameworks */ = {
			isa = PBXFrameworksBuildPhase;
			buildActionMask = 2147483647;
			files = (
			);
			runOnlyForDeploymentPostprocessing = 0;
		};
/* End PBXFrameworksBuildPhase section */

/* Begin PBXGroup section */
		1A28F1CA2538B3E8003D64A4 /* Constant */ = {
			isa = PBXGroup;
			children = (
				1A28F1CB2538B3FB003D64A4 /* Constant.swift */,
			);
			path = Constant;
			sourceTree = "<group>";
		};
		1A28F1E02538C8BB003D64A4 /* Storyboard */ = {
			isa = PBXGroup;
			children = (
				1A7E787225378F7E000689D8 /* LaunchScreen.storyboard */,
			);
			path = Storyboard;
			sourceTree = "<group>";
		};
		1A28F1E12538C8CD003D64A4 /* Plist */ = {
			isa = PBXGroup;
			children = (
				1A7E787525378F7E000689D8 /* Info.plist */,
			);
			path = Plist;
			sourceTree = "<group>";
		};
		1A5E92D82537998F007B00DA /* View */ = {
			isa = PBXGroup;
			children = (
				1A5E92DA253799BE007B00DA /* MainView.swift */,
			);
			path = View;
			sourceTree = "<group>";
		};
		1A5E92DF25379A3B007B00DA /* Protocol */ = {
			isa = PBXGroup;
			children = (
				1A5E92E125379A69007B00DA /* Reusable.swift */,
			);
			path = Protocol;
			sourceTree = "<group>";
		};
		1A5E92E025379A45007B00DA /* Extensions */ = {
			isa = PBXGroup;
			children = (
				1A5E92E925379A85007B00DA /* UICollectionView+Extension.swift */,
				1A28F1DB2538BF3A003D64A4 /* UIImageView+Extension.swift */,
				1AC00BD22538D91B00F69B94 /* UITableView+Extension.swift */,
				1A9D60DD253B589E001C4287 /* UIViewController+Extension.swift */,
				1A9D60EC253C2F5A001C4287 /* Encodable+Extension.swift */,
			);
			path = Extensions;
			sourceTree = "<group>";
		};
		1A5E92EE25379B41007B00DA /* Cell */ = {
			isa = PBXGroup;
			children = (
				1A5E92EF25379B7F007B00DA /* ProductCell.swift */,
				1A5E92F025379B7F007B00DA /* ProductCell.xib */,
			);
			path = Cell;
			sourceTree = "<group>";
		};
		1A5E92F92537A351007B00DA /* Network */ = {
			isa = PBXGroup;
			children = (
				1A5E93242538B2BC007B00DA /* API.swift */,
				1A5E93252538B2BC007B00DA /* APIRouter.swift */,
				1A5E931D2538B2BC007B00DA /* Client */,
				1A5E93262538B2BC007B00DA /* Enums */,
				1A5E931F2538B2BC007B00DA /* Extensions */,
				1A5E93222538B2BC007B00DA /* Protocols */,
			);
			path = Network;
			sourceTree = "<group>";
		};
		1A5E92FA2537A359007B00DA /* Model */ = {
			isa = PBXGroup;
			children = (
				1A28F1C52538B3B4003D64A4 /* ProductResponse.swift */,
				1A9D60E2253B5E81001C4287 /* PaymentRequest.swift */,
				1A9D60E7253B7185001C4287 /* PaymentResponse.swift */,
			);
			path = Model;
			sourceTree = "<group>";
		};
		1A5E931D2538B2BC007B00DA /* Client */ = {
			isa = PBXGroup;
			children = (
				1A5E931E2538B2BC007B00DA /* APIClient.swift */,
			);
			path = Client;
			sourceTree = "<group>";
		};
		1A5E931F2538B2BC007B00DA /* Extensions */ = {
			isa = PBXGroup;
			children = (
				1A5E93202538B2BC007B00DA /* URLRequest+API.swift */,
				1A5E93212538B2BC007B00DA /* URLComponents+API.swift */,
			);
			path = Extensions;
			sourceTree = "<group>";
		};
		1A5E93222538B2BC007B00DA /* Protocols */ = {
			isa = PBXGroup;
			children = (
				1A5E93232538B2BC007B00DA /* Routable.swift */,
			);
			path = Protocols;
			sourceTree = "<group>";
		};
		1A5E93262538B2BC007B00DA /* Enums */ = {
			isa = PBXGroup;
			children = (
				1A5E93272538B2BC007B00DA /* APIError.swift */,
				1A5E93282538B2BC007B00DA /* ParametersEncoding.swift */,
				1A5E93292538B2BC007B00DA /* HTTPMethod.swift */,
				1A5E932A2538B2BC007B00DA /* APIResponse.swift */,
				1A5E932B2538B2BC007B00DA /* Task.swift */,
			);
			path = Enums;
			sourceTree = "<group>";
		};
		1A7E785B25378F7D000689D8 = {
			isa = PBXGroup;
			children = (
				1A7E786625378F7D000689D8 /* MarketApp */,
				1A7E787D25378F7E000689D8 /* MarketAppTests */,
				1A7E788825378F7E000689D8 /* MarketAppUITests */,
				1A7E786525378F7D000689D8 /* Products */,
			);
			sourceTree = "<group>";
		};
		1A7E786525378F7D000689D8 /* Products */ = {
			isa = PBXGroup;
			children = (
				1A7E786425378F7D000689D8 /* MarketApp.app */,
				1A7E787A25378F7E000689D8 /* MarketAppTests.xctest */,
				1A7E788525378F7E000689D8 /* MarketAppUITests.xctest */,
			);
			name = Products;
			sourceTree = "<group>";
		};
		1A7E786625378F7D000689D8 /* MarketApp */ = {
			isa = PBXGroup;
			children = (
				1A7E789D25379394000689D8 /* App */,
				1A5E92F92537A351007B00DA /* Network */,
				1A5E92FA2537A359007B00DA /* Model */,
				1A7E78AC25379572000689D8 /* Controller */,
				1A7E78A5253793DA000689D8 /* Supporting File */,
				1A7E78A4253793BE000689D8 /* Resources */,
			);
			path = MarketApp;
			sourceTree = "<group>";
		};
		1A7E787D25378F7E000689D8 /* MarketAppTests */ = {
			isa = PBXGroup;
			children = (
				1A7E787E25378F7E000689D8 /* MarketAppTests.swift */,
				1A7E788025378F7E000689D8 /* Info.plist */,
			);
			path = MarketAppTests;
			sourceTree = "<group>";
		};
		1A7E788825378F7E000689D8 /* MarketAppUITests */ = {
			isa = PBXGroup;
			children = (
				1A7E788925378F7E000689D8 /* MarketAppUITests.swift */,
				1A7E788B25378F7E000689D8 /* Info.plist */,
			);
			path = MarketAppUITests;
			sourceTree = "<group>";
		};
		1A7E789D25379394000689D8 /* App */ = {
			isa = PBXGroup;
			children = (
				1A7E786725378F7D000689D8 /* AppDelegate.swift */,
			);
			path = App;
			sourceTree = "<group>";
		};
		1A7E78A4253793BE000689D8 /* Resources */ = {
			isa = PBXGroup;
			children = (
				1A7E787025378F7E000689D8 /* Assets.xcassets */,
			);
			path = Resources;
			sourceTree = "<group>";
		};
		1A7E78A5253793DA000689D8 /* Supporting File */ = {
			isa = PBXGroup;
			children = (
				1A28F1E12538C8CD003D64A4 /* Plist */,
				1A28F1E02538C8BB003D64A4 /* Storyboard */,
				1A28F1CA2538B3E8003D64A4 /* Constant */,
				1A5E92E025379A45007B00DA /* Extensions */,
				1A5E92DF25379A3B007B00DA /* Protocol */,
			);
			path = "Supporting File";
			sourceTree = "<group>";
		};
		1A7E78AC25379572000689D8 /* Controller */ = {
			isa = PBXGroup;
			children = (
				1AC00BB32538D32700F69B94 /* Card */,
				1A7E78AD25379587000689D8 /* Main */,
			);
			path = Controller;
			sourceTree = "<group>";
		};
		1A7E78AD25379587000689D8 /* Main */ = {
			isa = PBXGroup;
			children = (
				1A5E92EE25379B41007B00DA /* Cell */,
				1A5E92D82537998F007B00DA /* View */,
				1A28F1D32538B53D003D64A4 /* MainViewModel.swift */,
				1A7E78AE25379595000689D8 /* MainViewController.swift */,
				1A7E78AF25379595000689D8 /* MainViewController.xib */,
			);
			path = Main;
			sourceTree = "<group>";
		};
		1AC00BB32538D32700F69B94 /* Card */ = {
			isa = PBXGroup;
			children = (
				1AC00BC22538D68600F69B94 /* Cell */,
				1AC00BBE2538D68000F69B94 /* View */,
				1A22B350253A3C65005566A7 /* CardViewModel.swift */,
				1AC00BB42538D34500F69B94 /* CardViewController.swift */,
				1AC00BB52538D34500F69B94 /* CardViewController.xib */,
			);
			path = Card;
			sourceTree = "<group>";
		};
		1AC00BBE2538D68000F69B94 /* View */ = {
			isa = PBXGroup;
			children = (
				1AC00BCD2538D72300F69B94 /* CardView.swift */,
			);
			path = View;
			sourceTree = "<group>";
		};
		1AC00BC22538D68600F69B94 /* Cell */ = {
			isa = PBXGroup;
			children = (
				1AC00BC32538D6E000F69B94 /* CardInProductCell.swift */,
				1AC00BC42538D6E000F69B94 /* CardInProductCell.xib */,
			);
			path = Cell;
			sourceTree = "<group>";
		};
/* End PBXGroup section */

/* Begin PBXNativeTarget section */
		1A7E786325378F7D000689D8 /* MarketApp */ = {
			isa = PBXNativeTarget;
			buildConfigurationList = 1A7E788E25378F7E000689D8 /* Build configuration list for PBXNativeTarget "MarketApp" */;
			buildPhases = (
				1A7E786025378F7D000689D8 /* Sources */,
				1A7E786125378F7D000689D8 /* Frameworks */,
				1A7E786225378F7D000689D8 /* Resources */,
			);
			buildRules = (
			);
			dependencies = (
			);
			name = MarketApp;
			productName = MarketApp;
			productReference = 1A7E786425378F7D000689D8 /* MarketApp.app */;
			productType = "com.apple.product-type.application";
		};
		1A7E787925378F7E000689D8 /* MarketAppTests */ = {
			isa = PBXNativeTarget;
			buildConfigurationList = 1A7E789125378F7E000689D8 /* Build configuration list for PBXNativeTarget "MarketAppTests" */;
			buildPhases = (
				1A7E787625378F7E000689D8 /* Sources */,
				1A7E787725378F7E000689D8 /* Frameworks */,
				1A7E787825378F7E000689D8 /* Resources */,
			);
			buildRules = (
			);
			dependencies = (
				1A7E787C25378F7E000689D8 /* PBXTargetDependency */,
			);
			name = MarketAppTests;
			productName = MarketAppTests;
			productReference = 1A7E787A25378F7E000689D8 /* MarketAppTests.xctest */;
			productType = "com.apple.product-type.bundle.unit-test";
		};
		1A7E788425378F7E000689D8 /* MarketAppUITests */ = {
			isa = PBXNativeTarget;
			buildConfigurationList = 1A7E789425378F7E000689D8 /* Build configuration list for PBXNativeTarget "MarketAppUITests" */;
			buildPhases = (
				1A7E788125378F7E000689D8 /* Sources */,
				1A7E788225378F7E000689D8 /* Frameworks */,
				1A7E788325378F7E000689D8 /* Resources */,
			);
			buildRules = (
			);
			dependencies = (
				1A7E788725378F7E000689D8 /* PBXTargetDependency */,
			);
			name = MarketAppUITests;
			productName = MarketAppUITests;
			productReference = 1A7E788525378F7E000689D8 /* MarketAppUITests.xctest */;
			productType = "com.apple.product-type.bundle.ui-testing";
		};
/* End PBXNativeTarget section */

/* Begin PBXProject section */
		1A7E785C25378F7D000689D8 /* Project object */ = {
			isa = PBXProject;
			attributes = {
				LastSwiftUpdateCheck = 1200;
				LastUpgradeCheck = 1200;
				TargetAttributes = {
					1A7E786325378F7D000689D8 = {
						CreatedOnToolsVersion = 12.0;
					};
					1A7E787925378F7E000689D8 = {
						CreatedOnToolsVersion = 12.0;
						TestTargetID = 1A7E786325378F7D000689D8;
					};
					1A7E788425378F7E000689D8 = {
						CreatedOnToolsVersion = 12.0;
						TestTargetID = 1A7E786325378F7D000689D8;
					};
				};
			};
			buildConfigurationList = 1A7E785F25378F7D000689D8 /* Build configuration list for PBXProject "MarketApp" */;
			compatibilityVersion = "Xcode 9.3";
			developmentRegion = en;
			hasScannedForEncodings = 0;
			knownRegions = (
				en,
				Base,
			);
			mainGroup = 1A7E785B25378F7D000689D8;
			productRefGroup = 1A7E786525378F7D000689D8 /* Products */;
			projectDirPath = "";
			projectRoot = "";
			targets = (
				1A7E786325378F7D000689D8 /* MarketApp */,
				1A7E787925378F7E000689D8 /* MarketAppTests */,
				1A7E788425378F7E000689D8 /* MarketAppUITests */,
			);
		};
/* End PBXProject section */

/* Begin PBXResourcesBuildPhase section */
		1A7E786225378F7D000689D8 /* Resources */ = {
			isa = PBXResourcesBuildPhase;
			buildActionMask = 2147483647;
			files = (
				1A7E787425378F7E000689D8 /* LaunchScreen.storyboard in Resources */,
				1A5E92F225379B7F007B00DA /* ProductCell.xib in Resources */,
				1A7E78B125379595000689D8 /* MainViewController.xib in Resources */,
				1AC00BB72538D34500F69B94 /* CardViewController.xib in Resources */,
				1AC00BC62538D6E000F69B94 /* CardInProductCell.xib in Resources */,
				1A7E787125378F7E000689D8 /* Assets.xcassets in Resources */,
			);
			runOnlyForDeploymentPostprocessing = 0;
		};
		1A7E787825378F7E000689D8 /* Resources */ = {
			isa = PBXResourcesBuildPhase;
			buildActionMask = 2147483647;
			files = (
			);
			runOnlyForDeploymentPostprocessing = 0;
		};
		1A7E788325378F7E000689D8 /* Resources */ = {
			isa = PBXResourcesBuildPhase;
			buildActionMask = 2147483647;
			files = (
			);
			runOnlyForDeploymentPostprocessing = 0;
		};
/* End PBXResourcesBuildPhase section */

/* Begin PBXSourcesBuildPhase section */
		1A7E786025378F7D000689D8 /* Sources */ = {
			isa = PBXSourcesBuildPhase;
			buildActionMask = 2147483647;
			files = (
				1A9D60DE253B589E001C4287 /* UIViewController+Extension.swift in Sources */,
				1AC00BC52538D6E000F69B94 /* CardInProductCell.swift in Sources */,
				1A5E93302538B2BC007B00DA /* API.swift in Sources */,
				1A5E93312538B2BC007B00DA /* APIRouter.swift in Sources */,
				1A5E93332538B2BC007B00DA /* ParametersEncoding.swift in Sources */,
				1A5E932D2538B2BC007B00DA /* URLRequest+API.swift in Sources */,
				1A5E92E225379A69007B00DA /* Reusable.swift in Sources */,
				1A5E93352538B2BC007B00DA /* APIResponse.swift in Sources */,
				1A28F1C62538B3B4003D64A4 /* ProductResponse.swift in Sources */,
				1A5E932C2538B2BC007B00DA /* APIClient.swift in Sources */,
				1AC00BB62538D34500F69B94 /* CardViewController.swift in Sources */,
				1A28F1CC2538B3FB003D64A4 /* Constant.swift in Sources */,
				1A28F1DC2538BF3A003D64A4 /* UIImageView+Extension.swift in Sources */,
				1A22B351253A3C65005566A7 /* CardViewModel.swift in Sources */,
				1A5E932E2538B2BC007B00DA /* URLComponents+API.swift in Sources */,
				1A5E92EA25379A85007B00DA /* UICollectionView+Extension.swift in Sources */,
				1A5E93342538B2BC007B00DA /* HTTPMethod.swift in Sources */,
				1A9D60E8253B7185001C4287 /* PaymentResponse.swift in Sources */,
				1A7E786825378F7D000689D8 /* AppDelegate.swift in Sources */,
				1A9D60E3253B5E81001C4287 /* PaymentRequest.swift in Sources */,
				1A5E92F125379B7F007B00DA /* ProductCell.swift in Sources */,
				1AC00BD32538D91B00F69B94 /* UITableView+Extension.swift in Sources */,
				1A5E92DB253799BE007B00DA /* MainView.swift in Sources */,
				1A9D60ED253C2F5A001C4287 /* Encodable+Extension.swift in Sources */,
				1A28F1D42538B53D003D64A4 /* MainViewModel.swift in Sources */,
				1A7E78B025379595000689D8 /* MainViewController.swift in Sources */,
				1A5E932F2538B2BC007B00DA /* Routable.swift in Sources */,
				1A5E93362538B2BC007B00DA /* Task.swift in Sources */,
				1AC00BCE2538D72300F69B94 /* CardView.swift in Sources */,
				1A5E93322538B2BC007B00DA /* APIError.swift in Sources */,
			);
			runOnlyForDeploymentPostprocessing = 0;
		};
		1A7E787625378F7E000689D8 /* Sources */ = {
			isa = PBXSourcesBuildPhase;
			buildActionMask = 2147483647;
			files = (
				1A7E787F25378F7E000689D8 /* MarketAppTests.swift in Sources */,
			);
			runOnlyForDeploymentPostprocessing = 0;
		};
		1A7E788125378F7E000689D8 /* Sources */ = {
			isa = PBXSourcesBuildPhase;
			buildActionMask = 2147483647;
			files = (
				1A7E788A25378F7E000689D8 /* MarketAppUITests.swift in Sources */,
			);
			runOnlyForDeploymentPostprocessing = 0;
		};
/* End PBXSourcesBuildPhase section */

/* Begin PBXTargetDependency section */
		1A7E787C25378F7E000689D8 /* PBXTargetDependency */ = {
			isa = PBXTargetDependency;
			target = 1A7E786325378F7D000689D8 /* MarketApp */;
			targetProxy = 1A7E787B25378F7E000689D8 /* PBXContainerItemProxy */;
		};
		1A7E788725378F7E000689D8 /* PBXTargetDependency */ = {
			isa = PBXTargetDependency;
			target = 1A7E786325378F7D000689D8 /* MarketApp */;
			targetProxy = 1A7E788625378F7E000689D8 /* PBXContainerItemProxy */;
		};
/* End PBXTargetDependency section */

/* Begin PBXVariantGroup section */
		1A7E787225378F7E000689D8 /* LaunchScreen.storyboard */ = {
			isa = PBXVariantGroup;
			children = (
				1A7E787325378F7E000689D8 /* Base */,
			);
			name = LaunchScreen.storyboard;
			sourceTree = "<group>";
		};
/* End PBXVariantGroup section */

/* Begin XCBuildConfiguration section */
		1A7E788C25378F7E000689D8 /* Debug */ = {
			isa = XCBuildConfiguration;
			buildSettings = {
				ALWAYS_SEARCH_USER_PATHS = NO;
				CLANG_ANALYZER_NONNULL = YES;
				CLANG_ANALYZER_NUMBER_OBJECT_CONVERSION = YES_AGGRESSIVE;
				CLANG_CXX_LANGUAGE_STANDARD = "gnu++14";
				CLANG_CXX_LIBRARY = "libc++";
				CLANG_ENABLE_MODULES = YES;
				CLANG_ENABLE_OBJC_ARC = YES;
				CLANG_ENABLE_OBJC_WEAK = YES;
				CLANG_WARN_BLOCK_CAPTURE_AUTORELEASING = YES;
				CLANG_WARN_BOOL_CONVERSION = YES;
				CLANG_WARN_COMMA = YES;
				CLANG_WARN_CONSTANT_CONVERSION = YES;
				CLANG_WARN_DEPRECATED_OBJC_IMPLEMENTATIONS = YES;
				CLANG_WARN_DIRECT_OBJC_ISA_USAGE = YES_ERROR;
				CLANG_WARN_DOCUMENTATION_COMMENTS = YES;
				CLANG_WARN_EMPTY_BODY = YES;
				CLANG_WARN_ENUM_CONVERSION = YES;
				CLANG_WARN_INFINITE_RECURSION = YES;
				CLANG_WARN_INT_CONVERSION = YES;
				CLANG_WARN_NON_LITERAL_NULL_CONVERSION = YES;
				CLANG_WARN_OBJC_IMPLICIT_RETAIN_SELF = YES;
				CLANG_WARN_OBJC_LITERAL_CONVERSION = YES;
				CLANG_WARN_OBJC_ROOT_CLASS = YES_ERROR;
				CLANG_WARN_QUOTED_INCLUDE_IN_FRAMEWORK_HEADER = YES;
				CLANG_WARN_RANGE_LOOP_ANALYSIS = YES;
				CLANG_WARN_STRICT_PROTOTYPES = YES;
				CLANG_WARN_SUSPICIOUS_MOVE = YES;
				CLANG_WARN_UNGUARDED_AVAILABILITY = YES_AGGRESSIVE;
				CLANG_WARN_UNREACHABLE_CODE = YES;
				CLANG_WARN__DUPLICATE_METHOD_MATCH = YES;
				COPY_PHASE_STRIP = NO;
				DEBUG_INFORMATION_FORMAT = dwarf;
				ENABLE_STRICT_OBJC_MSGSEND = YES;
				ENABLE_TESTABILITY = YES;
				GCC_C_LANGUAGE_STANDARD = gnu11;
				GCC_DYNAMIC_NO_PIC = NO;
				GCC_NO_COMMON_BLOCKS = YES;
				GCC_OPTIMIZATION_LEVEL = 0;
				GCC_PREPROCESSOR_DEFINITIONS = (
					"DEBUG=1",
					"$(inherited)",
				);
				GCC_WARN_64_TO_32_BIT_CONVERSION = YES;
				GCC_WARN_ABOUT_RETURN_TYPE = YES_ERROR;
				GCC_WARN_UNDECLARED_SELECTOR = YES;
				GCC_WARN_UNINITIALIZED_AUTOS = YES_AGGRESSIVE;
				GCC_WARN_UNUSED_FUNCTION = YES;
				GCC_WARN_UNUSED_VARIABLE = YES;
				IPHONEOS_DEPLOYMENT_TARGET = 14.0;
				MTL_ENABLE_DEBUG_INFO = INCLUDE_SOURCE;
				MTL_FAST_MATH = YES;
				ONLY_ACTIVE_ARCH = YES;
				SDKROOT = iphoneos;
				SWIFT_ACTIVE_COMPILATION_CONDITIONS = DEBUG;
				SWIFT_OPTIMIZATION_LEVEL = "-Onone";
			};
			name = Debug;
		};
		1A7E788D25378F7E000689D8 /* Release */ = {
			isa = XCBuildConfiguration;
			buildSettings = {
				ALWAYS_SEARCH_USER_PATHS = NO;
				CLANG_ANALYZER_NONNULL = YES;
				CLANG_ANALYZER_NUMBER_OBJECT_CONVERSION = YES_AGGRESSIVE;
				CLANG_CXX_LANGUAGE_STANDARD = "gnu++14";
				CLANG_CXX_LIBRARY = "libc++";
				CLANG_ENABLE_MODULES = YES;
				CLANG_ENABLE_OBJC_ARC = YES;
				CLANG_ENABLE_OBJC_WEAK = YES;
				CLANG_WARN_BLOCK_CAPTURE_AUTORELEASING = YES;
				CLANG_WARN_BOOL_CONVERSION = YES;
				CLANG_WARN_COMMA = YES;
				CLANG_WARN_CONSTANT_CONVERSION = YES;
				CLANG_WARN_DEPRECATED_OBJC_IMPLEMENTATIONS = YES;
				CLANG_WARN_DIRECT_OBJC_ISA_USAGE = YES_ERROR;
				CLANG_WARN_DOCUMENTATION_COMMENTS = YES;
				CLANG_WARN_EMPTY_BODY = YES;
				CLANG_WARN_ENUM_CONVERSION = YES;
				CLANG_WARN_INFINITE_RECURSION = YES;
				CLANG_WARN_INT_CONVERSION = YES;
				CLANG_WARN_NON_LITERAL_NULL_CONVERSION = YES;
				CLANG_WARN_OBJC_IMPLICIT_RETAIN_SELF = YES;
				CLANG_WARN_OBJC_LITERAL_CONVERSION = YES;
				CLANG_WARN_OBJC_ROOT_CLASS = YES_ERROR;
				CLANG_WARN_QUOTED_INCLUDE_IN_FRAMEWORK_HEADER = YES;
				CLANG_WARN_RANGE_LOOP_ANALYSIS = YES;
				CLANG_WARN_STRICT_PROTOTYPES = YES;
				CLANG_WARN_SUSPICIOUS_MOVE = YES;
				CLANG_WARN_UNGUARDED_AVAILABILITY = YES_AGGRESSIVE;
				CLANG_WARN_UNREACHABLE_CODE = YES;
				CLANG_WARN__DUPLICATE_METHOD_MATCH = YES;
				COPY_PHASE_STRIP = NO;
				DEBUG_INFORMATION_FORMAT = "dwarf-with-dsym";
				ENABLE_NS_ASSERTIONS = NO;
				ENABLE_STRICT_OBJC_MSGSEND = YES;
				GCC_C_LANGUAGE_STANDARD = gnu11;
				GCC_NO_COMMON_BLOCKS = YES;
				GCC_WARN_64_TO_32_BIT_CONVERSION = YES;
				GCC_WARN_ABOUT_RETURN_TYPE = YES_ERROR;
				GCC_WARN_UNDECLARED_SELECTOR = YES;
				GCC_WARN_UNINITIALIZED_AUTOS = YES_AGGRESSIVE;
				GCC_WARN_UNUSED_FUNCTION = YES;
				GCC_WARN_UNUSED_VARIABLE = YES;
				IPHONEOS_DEPLOYMENT_TARGET = 14.0;
				MTL_ENABLE_DEBUG_INFO = NO;
				MTL_FAST_MATH = YES;
				SDKROOT = iphoneos;
				SWIFT_COMPILATION_MODE = wholemodule;
				SWIFT_OPTIMIZATION_LEVEL = "-O";
				VALIDATE_PRODUCT = YES;
			};
			name = Release;
		};
		1A7E788F25378F7E000689D8 /* Debug */ = {
			isa = XCBuildConfiguration;
			buildSettings = {
				ASSETCATALOG_COMPILER_APPICON_NAME = AppIcon;
				ASSETCATALOG_COMPILER_GLOBAL_ACCENT_COLOR_NAME = AccentColor;
				CODE_SIGN_STYLE = Automatic;
				DEVELOPMENT_TEAM = 88MUA8FE52;
				INFOPLIST_FILE = "MarketApp/Supporting File/Plist/Info.plist";
				LD_RUNPATH_SEARCH_PATHS = (
					"$(inherited)",
					"@executable_path/Frameworks",
				);
				PRODUCT_BUNDLE_IDENTIFIER = com.solidict.MarketApp;
				PRODUCT_NAME = "$(TARGET_NAME)";
				SWIFT_VERSION = 5.0;
				TARGETED_DEVICE_FAMILY = "1,2";
			};
			name = Debug;
		};
		1A7E789025378F7E000689D8 /* Release */ = {
			isa = XCBuildConfiguration;
			buildSettings = {
				ASSETCATALOG_COMPILER_APPICON_NAME = AppIcon;
				ASSETCATALOG_COMPILER_GLOBAL_ACCENT_COLOR_NAME = AccentColor;
				CODE_SIGN_STYLE = Automatic;
				DEVELOPMENT_TEAM = 88MUA8FE52;
				INFOPLIST_FILE = "MarketApp/Supporting File/Plist/Info.plist";
				LD_RUNPATH_SEARCH_PATHS = (
					"$(inherited)",
					"@executable_path/Frameworks",
				);
				PRODUCT_BUNDLE_IDENTIFIER = com.solidict.MarketApp;
				PRODUCT_NAME = "$(TARGET_NAME)";
				SWIFT_VERSION = 5.0;
				TARGETED_DEVICE_FAMILY = "1,2";
			};
			name = Release;
		};
		1A7E789225378F7E000689D8 /* Debug */ = {
			isa = XCBuildConfiguration;
			buildSettings = {
				ALWAYS_EMBED_SWIFT_STANDARD_LIBRARIES = YES;
				BUNDLE_LOADER = "$(TEST_HOST)";
				CODE_SIGN_STYLE = Automatic;
				DEVELOPMENT_TEAM = 88MUA8FE52;
				INFOPLIST_FILE = MarketAppTests/Info.plist;
				IPHONEOS_DEPLOYMENT_TARGET = 14.0;
				LD_RUNPATH_SEARCH_PATHS = (
					"$(inherited)",
					"@executable_path/Frameworks",
					"@loader_path/Frameworks",
				);
				PRODUCT_BUNDLE_IDENTIFIER = com.solidict.MarketAppTests;
				PRODUCT_NAME = "$(TARGET_NAME)";
				SWIFT_VERSION = 5.0;
				TARGETED_DEVICE_FAMILY = "1,2";
				TEST_HOST = "$(BUILT_PRODUCTS_DIR)/MarketApp.app/MarketApp";
			};
			name = Debug;
		};
		1A7E789325378F7E000689D8 /* Release */ = {
			isa = XCBuildConfiguration;
			buildSettings = {
				ALWAYS_EMBED_SWIFT_STANDARD_LIBRARIES = YES;
				BUNDLE_LOADER = "$(TEST_HOST)";
				CODE_SIGN_STYLE = Automatic;
				DEVELOPMENT_TEAM = 88MUA8FE52;
				INFOPLIST_FILE = MarketAppTests/Info.plist;
				IPHONEOS_DEPLOYMENT_TARGET = 14.0;
				LD_RUNPATH_SEARCH_PATHS = (
					"$(inherited)",
					"@executable_path/Frameworks",
					"@loader_path/Frameworks",
				);
				PRODUCT_BUNDLE_IDENTIFIER = com.solidict.MarketAppTests;
				PRODUCT_NAME = "$(TARGET_NAME)";
				SWIFT_VERSION = 5.0;
				TARGETED_DEVICE_FAMILY = "1,2";
				TEST_HOST = "$(BUILT_PRODUCTS_DIR)/MarketApp.app/MarketApp";
			};
			name = Release;
		};
		1A7E789525378F7E000689D8 /* Debug */ = {
			isa = XCBuildConfiguration;
			buildSettings = {
				ALWAYS_EMBED_SWIFT_STANDARD_LIBRARIES = YES;
				CODE_SIGN_STYLE = Automatic;
				DEVELOPMENT_TEAM = 88MUA8FE52;
				INFOPLIST_FILE = MarketAppUITests/Info.plist;
				LD_RUNPATH_SEARCH_PATHS = (
					"$(inherited)",
					"@executable_path/Frameworks",
					"@loader_path/Frameworks",
				);
				PRODUCT_BUNDLE_IDENTIFIER = com.solidict.MarketAppUITests;
				PRODUCT_NAME = "$(TARGET_NAME)";
				SWIFT_VERSION = 5.0;
				TARGETED_DEVICE_FAMILY = "1,2";
				TEST_TARGET_NAME = MarketApp;
			};
			name = Debug;
		};
		1A7E789625378F7E000689D8 /* Release */ = {
			isa = XCBuildConfiguration;
			buildSettings = {
				ALWAYS_EMBED_SWIFT_STANDARD_LIBRARIES = YES;
				CODE_SIGN_STYLE = Automatic;
				DEVELOPMENT_TEAM = 88MUA8FE52;
				INFOPLIST_FILE = MarketAppUITests/Info.plist;
				LD_RUNPATH_SEARCH_PATHS = (
					"$(inherited)",
					"@executable_path/Frameworks",
					"@loader_path/Frameworks",
				);
				PRODUCT_BUNDLE_IDENTIFIER = com.solidict.MarketAppUITests;
				PRODUCT_NAME = "$(TARGET_NAME)";
				SWIFT_VERSION = 5.0;
				TARGETED_DEVICE_FAMILY = "1,2";
				TEST_TARGET_NAME = MarketApp;
			};
			name = Release;
		};
/* End XCBuildConfiguration section */

/* Begin XCConfigurationList section */
		1A7E785F25378F7D000689D8 /* Build configuration list for PBXProject "MarketApp" */ = {
			isa = XCConfigurationList;
			buildConfigurations = (
				1A7E788C25378F7E000689D8 /* Debug */,
				1A7E788D25378F7E000689D8 /* Release */,
			);
			defaultConfigurationIsVisible = 0;
			defaultConfigurationName = Release;
		};
		1A7E788E25378F7E000689D8 /* Build configuration list for PBXNativeTarget "MarketApp" */ = {
			isa = XCConfigurationList;
			buildConfigurations = (
				1A7E788F25378F7E000689D8 /* Debug */,
				1A7E789025378F7E000689D8 /* Release */,
			);
			defaultConfigurationIsVisible = 0;
			defaultConfigurationName = Release;
		};
		1A7E789125378F7E000689D8 /* Build configuration list for PBXNativeTarget "MarketAppTests" */ = {
			isa = XCConfigurationList;
			buildConfigurations = (
				1A7E789225378F7E000689D8 /* Debug */,
				1A7E789325378F7E000689D8 /* Release */,
			);
			defaultConfigurationIsVisible = 0;
			defaultConfigurationName = Release;
		};
		1A7E789425378F7E000689D8 /* Build configuration list for PBXNativeTarget "MarketAppUITests" */ = {
			isa = XCConfigurationList;
			buildConfigurations = (
				1A7E789525378F7E000689D8 /* Debug */,
				1A7E789625378F7E000689D8 /* Release */,
			);
			defaultConfigurationIsVisible = 0;
			defaultConfigurationName = Release;
		};
/* End XCConfigurationList section */
	};
	rootObject = 1A7E785C25378F7D000689D8 /* Project object */;
}
